
Microsoft Visual Studio Solution File, Format Version 12.00
# Visual Studio Version 17
VisualStudioVersion = 17.3.32929.385
MinimumVisualStudioVersion = 10.0.40219.1
Project("{FAE04EC0-301F-11D3-BF4B-00C04F79EFBC}") = "view", "Clinica\view.csproj", "{021FDA73-2404-4B91-A913-8062CB1E85E7}"
EndProject
Project("{FAE04EC0-301F-11D3-BF4B-00C04F79EFBC}") = "controller", "Controller\controller.csproj", "{B8551040-5B6A-4CCD-A71B-91A09A16BBCE}"
EndProject
Project("{FAE04EC0-301F-11D3-BF4B-00C04F79EFBC}") = "model", "model\model.csproj", "{C7F7A67D-DBEC-43D5-8C4A-F313C99ADF2C}"
EndProject
Global
	GlobalSection(SolutionConfigurationPlatforms) = preSolution
		Debug|Any CPU = Debug|Any CPU
		Release|Any CPU = Release|Any CPU
	EndGlobalSection
	GlobalSection(ProjectConfigurationPlatforms) = postSolution
		{021FDA73-2404-4B91-A913-8062CB1E85E7}.Debug|Any CPU.ActiveCfg = Debug|Any CPU
		{021FDA73-2404-4B91-A913-8062CB1E85E7}.Debug|Any CPU.Build.0 = Debug|Any CPU
		{021FDA73-2404-4B91-A913-8062CB1E85E7}.Release|Any CPU.ActiveCfg = Release|Any CPU
		{021FDA73-2404-4B91-A913-8062CB1E85E7}.Release|Any CPU.Build.0 = Release|Any CPU
		{B8551040-5B6A-4CCD-A71B-91A09A16BBCE}.Debug|Any CPU.ActiveCfg = Debug|Any CPU
		{B8551040-5B6A-4CCD-A71B-91A09A16BBCE}.Debug|Any CPU.Build.0 = Debug|Any CPU
		{B8551040-5B6A-4CCD-A71B-91A09A16BBCE}.Release|Any CPU.ActiveCfg = Release|Any CPU
		{B8551040-5B6A-4CCD-A71B-91A09A16BBCE}.Release|Any CPU.Build.0 = Release|Any CPU
		{C7F7A67D-DBEC-43D5-8C4A-F313C99ADF2C}.Debug|Any CPU.ActiveCfg = Debug|Any CPU
		{C7F7A67D-DBEC-43D5-8C4A-F313C99ADF2C}.Debug|Any CPU.Build.0 = Debug|Any CPU
		{C7F7A67D-DBEC-43D5-8C4A-F313C99ADF2C}.Release|Any CPU.ActiveCfg = Release|Any CPU
		{C7F7A67D-DBEC-43D5-8C4A-F313C99ADF2C}.Release|Any CPU.Build.0 = Release|Any CPU
	EndGlobalSection
	GlobalSection(SolutionProperties) = preSolution
		HideSolutionNode = FALSE
	EndGlobalSection
	GlobalSection(ExtensibilityGlobals) = postSolution
		SolutionGuid = {D945733F-A568-4F3C-BCD3-72D6A0CBCCA3}
	EndGlobalSection
EndGlobal
